
Microsoft Visual Studio Solution File, Format Version 12.00
# Visual Studio 15
VisualStudioVersion = 15.0.26228.4
MinimumVisualStudioVersion = 10.0.40219.1
Project("{FAE04EC0-301F-11D3-BF4B-00C04F79EFBC}") = "AES Cryptography", "AES Cryptography\AES Cryptography.csproj", "{FFBCF853-76F1-4FE1-B5E7-6980A9BE23FF}"
EndProject
Global
	GlobalSection(SolutionConfigurationPlatforms) = preSolution
		Debug|Any CPU = Debug|Any CPU
		Release|Any CPU = Release|Any CPU
	EndGlobalSection
	GlobalSection(ProjectConfigurationPlatforms) = postSolution
		{FFBCF853-76F1-4FE1-B5E7-6980A9BE23FF}.Debug|Any CPU.ActiveCfg = Debug|Any CPU
		{FFBCF853-76F1-4FE1-B5E7-6980A9BE23FF}.Debug|Any CPU.Build.0 = Debug|Any CPU
		{FFBCF853-76F1-4FE1-B5E7-6980A9BE23FF}.Release|Any CPU.ActiveCfg = Release|Any CPU
		{FFBCF853-76F1-4FE1-B5E7-6980A9BE23FF}.Release|Any CPU.Build.0 = Release|Any CPU
	EndGlobalSection
	GlobalSection(SolutionProperties) = preSolution
		HideSolutionNode = FALSE
	EndGlobalSection
EndGlobal
